
Microsoft Visual Studio Solution File, Format Version 12.00
# Visual Studio Version 17
VisualStudioVersion = 17.6.33829.357
MinimumVisualStudioVersion = 10.0.40219.1
Project("{FAE04EC0-301F-11D3-BF4B-00C04F79EFBC}") = "Web tin tức", "Web tin tức.csproj", "{E45520B6-FE8D-4345-9CFF-16CA70563548}"
EndProject
Global
	GlobalSection(SolutionConfigurationPlatforms) = preSolution
		Debug|Any CPU = Debug|Any CPU
		Release|Any CPU = Release|Any CPU
	EndGlobalSection
	GlobalSection(ProjectConfigurationPlatforms) = postSolution
		{E45520B6-FE8D-4345-9CFF-16CA70563548}.Debug|Any CPU.ActiveCfg = Debug|Any CPU
		{E45520B6-FE8D-4345-9CFF-16CA70563548}.Debug|Any CPU.Build.0 = Debug|Any CPU
		{E45520B6-FE8D-4345-9CFF-16CA70563548}.Release|Any CPU.ActiveCfg = Release|Any CPU
		{E45520B6-FE8D-4345-9CFF-16CA70563548}.Release|Any CPU.Build.0 = Release|Any CPU
	EndGlobalSection
	GlobalSection(SolutionProperties) = preSolution
		HideSolutionNode = FALSE
	EndGlobalSection
	GlobalSection(ExtensibilityGlobals) = postSolution
		SolutionGuid = {747BCF40-3E1C-4620-B3BB-A260792CD35C}
	EndGlobalSection
EndGlobal
